
Microsoft Visual Studio Solution File, Format Version 12.00
# Visual Studio Version 17
VisualStudioVersion = 17.9.34728.123
MinimumVisualStudioVersion = 10.0.40219.1
Project("{FAE04EC0-301F-11D3-BF4B-00C04F79EFBC}") = "GaNamCakeShop_v2.0.Server", "GaNamCakeShop_v2.0.Server\GaNamCakeShop_v2.0.Server.csproj", "{6EAA8931-DB7D-4CC5-B9B5-1FC258444445}"
EndProject
Project("{54A90642-561A-4BB1-A94E-469ADEE60C69}") = "ganamcakeshop_v2.0.client", "ganamcakeshop_v2.0.client\ganamcakeshop_v2.0.client.esproj", "{66B1943D-173D-4F2E-B56B-A09B265E22EC}"
EndProject
Global
	GlobalSection(SolutionConfigurationPlatforms) = preSolution
		Debug|Any CPU = Debug|Any CPU
		Release|Any CPU = Release|Any CPU
	EndGlobalSection
	GlobalSection(ProjectConfigurationPlatforms) = postSolution
		{6EAA8931-DB7D-4CC5-B9B5-1FC258444445}.Debug|Any CPU.ActiveCfg = Debug|Any CPU
		{6EAA8931-DB7D-4CC5-B9B5-1FC258444445}.Debug|Any CPU.Build.0 = Debug|Any CPU
		{6EAA8931-DB7D-4CC5-B9B5-1FC258444445}.Release|Any CPU.ActiveCfg = Release|Any CPU
		{6EAA8931-DB7D-4CC5-B9B5-1FC258444445}.Release|Any CPU.Build.0 = Release|Any CPU
		{66B1943D-173D-4F2E-B56B-A09B265E22EC}.Debug|Any CPU.ActiveCfg = Debug|Any CPU
		{66B1943D-173D-4F2E-B56B-A09B265E22EC}.Debug|Any CPU.Build.0 = Debug|Any CPU
		{66B1943D-173D-4F2E-B56B-A09B265E22EC}.Debug|Any CPU.Deploy.0 = Debug|Any CPU
		{66B1943D-173D-4F2E-B56B-A09B265E22EC}.Release|Any CPU.ActiveCfg = Release|Any CPU
		{66B1943D-173D-4F2E-B56B-A09B265E22EC}.Release|Any CPU.Build.0 = Release|Any CPU
		{66B1943D-173D-4F2E-B56B-A09B265E22EC}.Release|Any CPU.Deploy.0 = Release|Any CPU
	EndGlobalSection
	GlobalSection(SolutionProperties) = preSolution
		HideSolutionNode = FALSE
	EndGlobalSection
	GlobalSection(ExtensibilityGlobals) = postSolution
		SolutionGuid = {371AEB91-BE4E-41DB-91F6-18EC85B6B7C1}
	EndGlobalSection
EndGlobal
